
Microsoft Visual Studio Solution File, Format Version 12.00
# Visual Studio Version 16
VisualStudioVersion = 16.0.31515.178
MinimumVisualStudioVersion = 10.0.40219.1
Project("{FAE04EC0-301F-11D3-BF4B-00C04F79EFBC}") = "bayram", "bayram\bayram.csproj", "{E267C135-7C0F-4CEE-90AA-CBF9FC774560}"
EndProject
Global
	GlobalSection(SolutionConfigurationPlatforms) = preSolution
		Debug|Any CPU = Debug|Any CPU
		Debug|x64 = Debug|x64
		Release|Any CPU = Release|Any CPU
		Release|x64 = Release|x64
	EndGlobalSection
	GlobalSection(ProjectConfigurationPlatforms) = postSolution
		{E267C135-7C0F-4CEE-90AA-CBF9FC774560}.Debug|Any CPU.ActiveCfg = Debug|Any CPU
		{E267C135-7C0F-4CEE-90AA-CBF9FC774560}.Debug|Any CPU.Build.0 = Debug|Any CPU
		{E267C135-7C0F-4CEE-90AA-CBF9FC774560}.Debug|x64.ActiveCfg = Debug|x64
		{E267C135-7C0F-4CEE-90AA-CBF9FC774560}.Debug|x64.Build.0 = Debug|x64
		{E267C135-7C0F-4CEE-90AA-CBF9FC774560}.Release|Any CPU.ActiveCfg = Release|Any CPU
		{E267C135-7C0F-4CEE-90AA-CBF9FC774560}.Release|Any CPU.Build.0 = Release|Any CPU
		{E267C135-7C0F-4CEE-90AA-CBF9FC774560}.Release|x64.ActiveCfg = Release|x64
		{E267C135-7C0F-4CEE-90AA-CBF9FC774560}.Release|x64.Build.0 = Release|x64
	EndGlobalSection
	GlobalSection(SolutionProperties) = preSolution
		HideSolutionNode = FALSE
	EndGlobalSection
	GlobalSection(ExtensibilityGlobals) = postSolution
		SolutionGuid = {016DF612-32CC-4F82-A93D-69DE1199C552}
	EndGlobalSection
EndGlobal
